// !$*UTF8*$!
{
	archiveVersion = 1;
	classes = {
	};
	objectVersion = 55;
	objects = {

/* Begin PBXBuildFile section */
		3A2519C42B07D6D3000F062A /* AppDelegate.swift in Sources */ = {isa = PBXBuildFile; fileRef = 3A2519C32B07D6D3000F062A /* AppDelegate.swift */; };
		3A2519C62B07D6D3000F062A /* SceneDelegate.swift in Sources */ = {isa = PBXBuildFile; fileRef = 3A2519C52B07D6D3000F062A /* SceneDelegate.swift */; };
		3A2519C82B07D6D3000F062A /* ControlUnits.ViewController.swift in Sources */ = {isa = PBXBuildFile; fileRef = 3A2519C72B07D6D3000F062A /* ControlUnits.ViewController.swift */; };
		3A2519CD2B07D6D6000F062A /* Assets.xcassets in Resources */ = {isa = PBXBuildFile; fileRef = 3A2519CC2B07D6D6000F062A /* Assets.xcassets */; };
		3A2519D02B07D6D6000F062A /* LaunchScreen.storyboard in Resources */ = {isa = PBXBuildFile; fileRef = 3A2519CE2B07D6D6000F062A /* LaunchScreen.storyboard */; };
		3A2519D92B07E727000F062A /* ControlUnits.swift in Sources */ = {isa = PBXBuildFile; fileRef = 3A2519D82B07E727000F062A /* ControlUnits.swift */; };
		3A2519DD2B07E88D000F062A /* ControlUnits.ContentView.swift in Sources */ = {isa = PBXBuildFile; fileRef = 3A2519DC2B07E88D000F062A /* ControlUnits.ContentView.swift */; };
		3A2519E12B07E963000F062A /* AwesomeEmptyView.swift in Sources */ = {isa = PBXBuildFile; fileRef = 3A2519E02B07E963000F062A /* AwesomeEmptyView.swift */; };
		3A2519E42B07EDC6000F062A /* ViewHostingController.swift in Sources */ = {isa = PBXBuildFile; fileRef = 3A2519E32B07EDC6000F062A /* ViewHostingController.swift */; };
		3A2519E62B07F571000F062A /* AwesomeEmptyView.States.swift in Sources */ = {isa = PBXBuildFile; fileRef = 3A2519E52B07F571000F062A /* AwesomeEmptyView.States.swift */; };
		3A2519E82B07FDDC000F062A /* Images.swift in Sources */ = {isa = PBXBuildFile; fileRef = 3A2519E72B07FDDC000F062A /* Images.swift */; };
		3A2519EB2B080842000F062A /* Localizable.strings in Resources */ = {isa = PBXBuildFile; fileRef = 3A2519EA2B080842000F062A /* Localizable.strings */; };
		3A2519EE2B0809B8000F062A /* AwesomeEmptyView.Localized.swift in Sources */ = {isa = PBXBuildFile; fileRef = 3A2519ED2B0809B8000F062A /* AwesomeEmptyView.Localized.swift */; };
		3A2519F32B080AE6000F062A /* LocalizedTranslations.swift in Sources */ = {isa = PBXBuildFile; fileRef = 3A2519F22B080AE6000F062A /* LocalizedTranslations.swift */; };
		3A2519F62B080C93000F062A /* String.swift in Sources */ = {isa = PBXBuildFile; fileRef = 3A2519F52B080C93000F062A /* String.swift */; };
		3A2519F92B080FCF000F062A /* Colors.swift in Sources */ = {isa = PBXBuildFile; fileRef = 3A2519F82B080FCF000F062A /* Colors.swift */; };
		3A2519FB2B081B65000F062A /* Fonts.swift in Sources */ = {isa = PBXBuildFile; fileRef = 3A2519FA2B081B65000F062A /* Fonts.swift */; };
		3A2519FE2B087E31000F062A /* FontWithLineHeight.swift in Sources */ = {isa = PBXBuildFile; fileRef = 3A2519FD2B087E31000F062A /* FontWithLineHeight.swift */; };
		3A251A002B088512000F062A /* Spacings.swift in Sources */ = {isa = PBXBuildFile; fileRef = 3A2519FF2B088512000F062A /* Spacings.swift */; };
		3A251A032B088F9D000F062A /* UIViewController.swift in Sources */ = {isa = PBXBuildFile; fileRef = 3A251A022B088F9D000F062A /* UIViewController.swift */; };
/* End PBXBuildFile section */

/* Begin PBXFileReference section */
		3A2519C02B07D6D3000F062A /* AwesomeScreen.app */ = {isa = PBXFileReference; explicitFileType = wrapper.application; includeInIndex = 0; path = AwesomeScreen.app; sourceTree = BUILT_PRODUCTS_DIR; };
		3A2519C32B07D6D3000F062A /* AppDelegate.swift */ = {isa = PBXFileReference; lastKnownFileType = sourcecode.swift; path = AppDelegate.swift; sourceTree = "<group>"; };
		3A2519C52B07D6D3000F062A /* SceneDelegate.swift */ = {isa = PBXFileReference; lastKnownFileType = sourcecode.swift; path = SceneDelegate.swift; sourceTree = "<group>"; };
		3A2519C72B07D6D3000F062A /* ControlUnits.ViewController.swift */ = {isa = PBXFileReference; lastKnownFileType = sourcecode.swift; path = ControlUnits.ViewController.swift; sourceTree = "<group>"; };
		3A2519CC2B07D6D6000F062A /* Assets.xcassets */ = {isa = PBXFileReference; lastKnownFileType = folder.assetcatalog; path = Assets.xcassets; sourceTree = "<group>"; };
		3A2519CF2B07D6D6000F062A /* Base */ = {isa = PBXFileReference; lastKnownFileType = file.storyboard; name = Base; path = Base.lproj/LaunchScreen.storyboard; sourceTree = "<group>"; };
		3A2519D12B07D6D6000F062A /* Info.plist */ = {isa = PBXFileReference; lastKnownFileType = text.plist.xml; path = Info.plist; sourceTree = "<group>"; };
		3A2519D82B07E727000F062A /* ControlUnits.swift */ = {isa = PBXFileReference; lastKnownFileType = sourcecode.swift; path = ControlUnits.swift; sourceTree = "<group>"; };
		3A2519DC2B07E88D000F062A /* ControlUnits.ContentView.swift */ = {isa = PBXFileReference; lastKnownFileType = sourcecode.swift; path = ControlUnits.ContentView.swift; sourceTree = "<group>"; };
		3A2519E02B07E963000F062A /* AwesomeEmptyView.swift */ = {isa = PBXFileReference; lastKnownFileType = sourcecode.swift; path = AwesomeEmptyView.swift; sourceTree = "<group>"; };
		3A2519E32B07EDC6000F062A /* ViewHostingController.swift */ = {isa = PBXFileReference; lastKnownFileType = sourcecode.swift; path = ViewHostingController.swift; sourceTree = "<group>"; };
		3A2519E52B07F571000F062A /* AwesomeEmptyView.States.swift */ = {isa = PBXFileReference; lastKnownFileType = sourcecode.swift; path = AwesomeEmptyView.States.swift; sourceTree = "<group>"; };
		3A2519E72B07FDDC000F062A /* Images.swift */ = {isa = PBXFileReference; lastKnownFileType = sourcecode.swift; path = Images.swift; sourceTree = "<group>"; };
		3A2519EA2B080842000F062A /* Localizable.strings */ = {isa = PBXFileReference; lastKnownFileType = text.plist.strings; path = Localizable.strings; sourceTree = "<group>"; };
		3A2519ED2B0809B8000F062A /* AwesomeEmptyView.Localized.swift */ = {isa = PBXFileReference; lastKnownFileType = sourcecode.swift; path = AwesomeEmptyView.Localized.swift; sourceTree = "<group>"; };
		3A2519F22B080AE6000F062A /* LocalizedTranslations.swift */ = {isa = PBXFileReference; lastKnownFileType = sourcecode.swift; path = LocalizedTranslations.swift; sourceTree = "<group>"; };
		3A2519F52B080C93000F062A /* String.swift */ = {isa = PBXFileReference; lastKnownFileType = sourcecode.swift; path = String.swift; sourceTree = "<group>"; };
		3A2519F82B080FCF000F062A /* Colors.swift */ = {isa = PBXFileReference; lastKnownFileType = sourcecode.swift; path = Colors.swift; sourceTree = "<group>"; };
		3A2519FA2B081B65000F062A /* Fonts.swift */ = {isa = PBXFileReference; lastKnownFileType = sourcecode.swift; path = Fonts.swift; sourceTree = "<group>"; };
		3A2519FD2B087E31000F062A /* FontWithLineHeight.swift */ = {isa = PBXFileReference; lastKnownFileType = sourcecode.swift; path = FontWithLineHeight.swift; sourceTree = "<group>"; };
		3A2519FF2B088512000F062A /* Spacings.swift */ = {isa = PBXFileReference; lastKnownFileType = sourcecode.swift; path = Spacings.swift; sourceTree = "<group>"; };
		3A251A022B088F9D000F062A /* UIViewController.swift */ = {isa = PBXFileReference; lastKnownFileType = sourcecode.swift; path = UIViewController.swift; sourceTree = "<group>"; };
/* End PBXFileReference section */

/* Begin PBXFrameworksBuildPhase section */
		3A2519BD2B07D6D3000F062A /* Frameworks */ = {
			isa = PBXFrameworksBuildPhase;
			buildActionMask = 2147483647;
			files = (
			);
			runOnlyForDeploymentPostprocessing = 0;
		};
/* End PBXFrameworksBuildPhase section */

/* Begin PBXGroup section */
		3A2519B72B07D6D3000F062A = {
			isa = PBXGroup;
			children = (
				3A2519C22B07D6D3000F062A /* AwesomeScreen */,
				3A2519C12B07D6D3000F062A /* Products */,
			);
			sourceTree = "<group>";
		};
		3A2519C12B07D6D3000F062A /* Products */ = {
			isa = PBXGroup;
			children = (
				3A2519C02B07D6D3000F062A /* AwesomeScreen.app */,
			);
			name = Products;
			sourceTree = "<group>";
		};
		3A2519C22B07D6D3000F062A /* AwesomeScreen */ = {
			isa = PBXGroup;
			children = (
				3A2519F42B080C7F000F062A /* Core */,
				3A2519DE2B07E915000F062A /* DesignSystem */,
				3A2519E92B080816000F062A /* Localizations */,
				3A2519E22B07ED63000F062A /* Utilities */,
				3A2519F02B0809F9000F062A /* Features */,
				3A2519C32B07D6D3000F062A /* AppDelegate.swift */,
				3A2519C52B07D6D3000F062A /* SceneDelegate.swift */,
				3A2519CC2B07D6D6000F062A /* Assets.xcassets */,
				3A2519CE2B07D6D6000F062A /* LaunchScreen.storyboard */,
				3A2519D12B07D6D6000F062A /* Info.plist */,
			);
			path = AwesomeScreen;
			sourceTree = "<group>";
		};
		3A2519D72B07E647000F062A /* ControlUnits */ = {
			isa = PBXGroup;
			children = (
				3A2519DA2B07E851000F062A /* View */,
				3A2519D82B07E727000F062A /* ControlUnits.swift */,
			);
			path = ControlUnits;
			sourceTree = "<group>";
		};
		3A2519DA2B07E851000F062A /* View */ = {
			isa = PBXGroup;
			children = (
				3A2519DB2B07E864000F062A /* SubViews */,
				3A2519C72B07D6D3000F062A /* ControlUnits.ViewController.swift */,
			);
			path = View;
			sourceTree = "<group>";
		};
		3A2519DB2B07E864000F062A /* SubViews */ = {
			isa = PBXGroup;
			children = (
				3A2519DC2B07E88D000F062A /* ControlUnits.ContentView.swift */,
			);
			path = SubViews;
			sourceTree = "<group>";
		};
		3A2519DE2B07E915000F062A /* DesignSystem */ = {
			isa = PBXGroup;
			children = (
				3A251A012B088F80000F062A /* Extensions */,
				3A2519FC2B087DDA000F062A /* ViewModifiers */,
				3A2519DF2B07E923000F062A /* Components */,
				3A2519E72B07FDDC000F062A /* Images.swift */,
				3A2519F82B080FCF000F062A /* Colors.swift */,
				3A2519FA2B081B65000F062A /* Fonts.swift */,
				3A2519FF2B088512000F062A /* Spacings.swift */,
			);
			path = DesignSystem;
			sourceTree = "<group>";
		};
		3A2519DF2B07E923000F062A /* Components */ = {
			isa = PBXGroup;
			children = (
				3A2519EC2B080985000F062A /* AwesomeEmptyView */,
			);
			path = Components;
			sourceTree = "<group>";
		};
		3A2519E22B07ED63000F062A /* Utilities */ = {
			isa = PBXGroup;
			children = (
				3A2519E32B07EDC6000F062A /* ViewHostingController.swift */,
			);
			path = Utilities;
			sourceTree = "<group>";
		};
		3A2519E92B080816000F062A /* Localizations */ = {
			isa = PBXGroup;
			children = (
				3A2519F22B080AE6000F062A /* LocalizedTranslations.swift */,
				3A2519EA2B080842000F062A /* Localizable.strings */,
			);
			path = Localizations;
			sourceTree = "<group>";
		};
		3A2519EC2B080985000F062A /* AwesomeEmptyView */ = {
			isa = PBXGroup;
			children = (
				3A2519E02B07E963000F062A /* AwesomeEmptyView.swift */,
				3A2519E52B07F571000F062A /* AwesomeEmptyView.States.swift */,
				3A2519ED2B0809B8000F062A /* AwesomeEmptyView.Localized.swift */,
			);
			path = AwesomeEmptyView;
			sourceTree = "<group>";
		};
		3A2519F02B0809F9000F062A /* Features */ = {
			isa = PBXGroup;
			children = (
				3A2519D72B07E647000F062A /* ControlUnits */,
			);
			path = Features;
			sourceTree = "<group>";
		};
		3A2519F42B080C7F000F062A /* Core */ = {
			isa = PBXGroup;
			children = (
				3A2519F72B080CA2000F062A /* Foundation */,
			);
			path = Core;
			sourceTree = "<group>";
		};
		3A2519F72B080CA2000F062A /* Foundation */ = {
			isa = PBXGroup;
			children = (
				3A2519F52B080C93000F062A /* String.swift */,
			);
			path = Foundation;
			sourceTree = "<group>";
		};
		3A2519FC2B087DDA000F062A /* ViewModifiers */ = {
			isa = PBXGroup;
			children = (
				3A2519FD2B087E31000F062A /* FontWithLineHeight.swift */,
			);
			path = ViewModifiers;
			sourceTree = "<group>";
		};
		3A251A012B088F80000F062A /* Extensions */ = {
			isa = PBXGroup;
			children = (
				3A251A022B088F9D000F062A /* UIViewController.swift */,
			);
			path = Extensions;
			sourceTree = "<group>";
		};
/* End PBXGroup section */

/* Begin PBXNativeTarget section */
		3A2519BF2B07D6D3000F062A /* AwesomeScreen */ = {
			isa = PBXNativeTarget;
			buildConfigurationList = 3A2519D42B07D6D6000F062A /* Build configuration list for PBXNativeTarget "AwesomeScreen" */;
			buildPhases = (
				3A2519BC2B07D6D3000F062A /* Sources */,
				3A2519BD2B07D6D3000F062A /* Frameworks */,
				3A2519BE2B07D6D3000F062A /* Resources */,
			);
			buildRules = (
			);
			dependencies = (
			);
			name = AwesomeScreen;
			productName = AwesomeScreen;
			productReference = 3A2519C02B07D6D3000F062A /* AwesomeScreen.app */;
			productType = "com.apple.product-type.application";
		};
/* End PBXNativeTarget section */

/* Begin PBXProject section */
		3A2519B82B07D6D3000F062A /* Project object */ = {
			isa = PBXProject;
			attributes = {
				BuildIndependentTargetsInParallel = 1;
				LastSwiftUpdateCheck = 1330;
				LastUpgradeCheck = 1330;
				TargetAttributes = {
					3A2519BF2B07D6D3000F062A = {
						CreatedOnToolsVersion = 13.3;
					};
				};
			};
			buildConfigurationList = 3A2519BB2B07D6D3000F062A /* Build configuration list for PBXProject "AwesomeScreen" */;
			compatibilityVersion = "Xcode 13.0";
			developmentRegion = en;
			hasScannedForEncodings = 0;
			knownRegions = (
				en,
				Base,
			);
			mainGroup = 3A2519B72B07D6D3000F062A;
			productRefGroup = 3A2519C12B07D6D3000F062A /* Products */;
			projectDirPath = "";
			projectRoot = "";
			targets = (
				3A2519BF2B07D6D3000F062A /* AwesomeScreen */,
			);
		};
/* End PBXProject section */

/* Begin PBXResourcesBuildPhase section */
		3A2519BE2B07D6D3000F062A /* Resources */ = {
			isa = PBXResourcesBuildPhase;
			buildActionMask = 2147483647;
			files = (
				3A2519D02B07D6D6000F062A /* LaunchScreen.storyboard in Resources */,
				3A2519EB2B080842000F062A /* Localizable.strings in Resources */,
				3A2519CD2B07D6D6000F062A /* Assets.xcassets in Resources */,
			);
			runOnlyForDeploymentPostprocessing = 0;
		};
/* End PBXResourcesBuildPhase section */

/* Begin PBXSourcesBuildPhase section */
		3A2519BC2B07D6D3000F062A /* Sources */ = {
			isa = PBXSourcesBuildPhase;
			buildActionMask = 2147483647;
			files = (
				3A2519FB2B081B65000F062A /* Fonts.swift in Sources */,
				3A2519C82B07D6D3000F062A /* ControlUnits.ViewController.swift in Sources */,
				3A2519DD2B07E88D000F062A /* ControlUnits.ContentView.swift in Sources */,
				3A2519E42B07EDC6000F062A /* ViewHostingController.swift in Sources */,
				3A2519E12B07E963000F062A /* AwesomeEmptyView.swift in Sources */,
				3A2519E82B07FDDC000F062A /* Images.swift in Sources */,
				3A2519D92B07E727000F062A /* ControlUnits.swift in Sources */,
				3A2519F62B080C93000F062A /* String.swift in Sources */,
				3A251A032B088F9D000F062A /* UIViewController.swift in Sources */,
				3A2519E62B07F571000F062A /* AwesomeEmptyView.States.swift in Sources */,
				3A2519F92B080FCF000F062A /* Colors.swift in Sources */,
				3A2519C42B07D6D3000F062A /* AppDelegate.swift in Sources */,
				3A2519FE2B087E31000F062A /* FontWithLineHeight.swift in Sources */,
				3A2519EE2B0809B8000F062A /* AwesomeEmptyView.Localized.swift in Sources */,
				3A251A002B088512000F062A /* Spacings.swift in Sources */,
				3A2519F32B080AE6000F062A /* LocalizedTranslations.swift in Sources */,
				3A2519C62B07D6D3000F062A /* SceneDelegate.swift in Sources */,
			);
			runOnlyForDeploymentPostprocessing = 0;
		};
/* End PBXSourcesBuildPhase section */

/* Begin PBXVariantGroup section */
		3A2519CE2B07D6D6000F062A /* LaunchScreen.storyboard */ = {
			isa = PBXVariantGroup;
			children = (
				3A2519CF2B07D6D6000F062A /* Base */,
			);
			name = LaunchScreen.storyboard;
			sourceTree = "<group>";
		};
/* End PBXVariantGroup section */

/* Begin XCBuildConfiguration section */
		3A2519D22B07D6D6000F062A /* Debug */ = {
			isa = XCBuildConfiguration;
			buildSettings = {
				ALWAYS_SEARCH_USER_PATHS = NO;
				CLANG_ANALYZER_NONNULL = YES;
				CLANG_ANALYZER_NUMBER_OBJECT_CONVERSION = YES_AGGRESSIVE;
				CLANG_CXX_LANGUAGE_STANDARD = "gnu++17";
				CLANG_ENABLE_MODULES = YES;
				CLANG_ENABLE_OBJC_ARC = YES;
				CLANG_ENABLE_OBJC_WEAK = YES;
				CLANG_WARN_BLOCK_CAPTURE_AUTORELEASING = YES;
				CLANG_WARN_BOOL_CONVERSION = YES;
				CLANG_WARN_COMMA = YES;
				CLANG_WARN_CONSTANT_CONVERSION = YES;
				CLANG_WARN_DEPRECATED_OBJC_IMPLEMENTATIONS = YES;
				CLANG_WARN_DIRECT_OBJC_ISA_USAGE = YES_ERROR;
				CLANG_WARN_DOCUMENTATION_COMMENTS = YES;
				CLANG_WARN_EMPTY_BODY = YES;
				CLANG_WARN_ENUM_CONVERSION = YES;
				CLANG_WARN_INFINITE_RECURSION = YES;
				CLANG_WARN_INT_CONVERSION = YES;
				CLANG_WARN_NON_LITERAL_NULL_CONVERSION = YES;
				CLANG_WARN_OBJC_IMPLICIT_RETAIN_SELF = YES;
				CLANG_WARN_OBJC_LITERAL_CONVERSION = YES;
				CLANG_WARN_OBJC_ROOT_CLASS = YES_ERROR;
				CLANG_WARN_QUOTED_INCLUDE_IN_FRAMEWORK_HEADER = YES;
				CLANG_WARN_RANGE_LOOP_ANALYSIS = YES;
				CLANG_WARN_STRICT_PROTOTYPES = YES;
				CLANG_WARN_SUSPICIOUS_MOVE = YES;
				CLANG_WARN_UNGUARDED_AVAILABILITY = YES_AGGRESSIVE;
				CLANG_WARN_UNREACHABLE_CODE = YES;
				CLANG_WARN__DUPLICATE_METHOD_MATCH = YES;
				COPY_PHASE_STRIP = NO;
				DEBUG_INFORMATION_FORMAT = dwarf;
				ENABLE_STRICT_OBJC_MSGSEND = YES;
				ENABLE_TESTABILITY = YES;
				GCC_C_LANGUAGE_STANDARD = gnu11;
				GCC_DYNAMIC_NO_PIC = NO;
				GCC_NO_COMMON_BLOCKS = YES;
				GCC_OPTIMIZATION_LEVEL = 0;
				GCC_PREPROCESSOR_DEFINITIONS = (
					"DEBUG=1",
					"$(inherited)",
				);
				GCC_WARN_64_TO_32_BIT_CONVERSION = YES;
				GCC_WARN_ABOUT_RETURN_TYPE = YES_ERROR;
				GCC_WARN_UNDECLARED_SELECTOR = YES;
				GCC_WARN_UNINITIALIZED_AUTOS = YES_AGGRESSIVE;
				GCC_WARN_UNUSED_FUNCTION = YES;
				GCC_WARN_UNUSED_VARIABLE = YES;
				IPHONEOS_DEPLOYMENT_TARGET = 15.4;
				MTL_ENABLE_DEBUG_INFO = INCLUDE_SOURCE;
				MTL_FAST_MATH = YES;
				ONLY_ACTIVE_ARCH = YES;
				SDKROOT = iphoneos;
				SWIFT_ACTIVE_COMPILATION_CONDITIONS = DEBUG;
				SWIFT_OPTIMIZATION_LEVEL = "-Onone";
			};
			name = Debug;
		};
		3A2519D32B07D6D6000F062A /* Release */ = {
			isa = XCBuildConfiguration;
			buildSettings = {
				ALWAYS_SEARCH_USER_PATHS = NO;
				CLANG_ANALYZER_NONNULL = YES;
				CLANG_ANALYZER_NUMBER_OBJECT_CONVERSION = YES_AGGRESSIVE;
				CLANG_CXX_LANGUAGE_STANDARD = "gnu++17";
				CLANG_ENABLE_MODULES = YES;
				CLANG_ENABLE_OBJC_ARC = YES;
				CLANG_ENABLE_OBJC_WEAK = YES;
				CLANG_WARN_BLOCK_CAPTURE_AUTORELEASING = YES;
				CLANG_WARN_BOOL_CONVERSION = YES;
				CLANG_WARN_COMMA = YES;
				CLANG_WARN_CONSTANT_CONVERSION = YES;
				CLANG_WARN_DEPRECATED_OBJC_IMPLEMENTATIONS = YES;
				CLANG_WARN_DIRECT_OBJC_ISA_USAGE = YES_ERROR;
				CLANG_WARN_DOCUMENTATION_COMMENTS = YES;
				CLANG_WARN_EMPTY_BODY = YES;
				CLANG_WARN_ENUM_CONVERSION = YES;
				CLANG_WARN_INFINITE_RECURSION = YES;
				CLANG_WARN_INT_CONVERSION = YES;
				CLANG_WARN_NON_LITERAL_NULL_CONVERSION = YES;
				CLANG_WARN_OBJC_IMPLICIT_RETAIN_SELF = YES;
				CLANG_WARN_OBJC_LITERAL_CONVERSION = YES;
				CLANG_WARN_OBJC_ROOT_CLASS = YES_ERROR;
				CLANG_WARN_QUOTED_INCLUDE_IN_FRAMEWORK_HEADER = YES;
				CLANG_WARN_RANGE_LOOP_ANALYSIS = YES;
				CLANG_WARN_STRICT_PROTOTYPES = YES;
				CLANG_WARN_SUSPICIOUS_MOVE = YES;
				CLANG_WARN_UNGUARDED_AVAILABILITY = YES_AGGRESSIVE;
				CLANG_WARN_UNREACHABLE_CODE = YES;
				CLANG_WARN__DUPLICATE_METHOD_MATCH = YES;
				COPY_PHASE_STRIP = NO;
				DEBUG_INFORMATION_FORMAT = "dwarf-with-dsym";
				ENABLE_NS_ASSERTIONS = NO;
				ENABLE_STRICT_OBJC_MSGSEND = YES;
				GCC_C_LANGUAGE_STANDARD = gnu11;
				GCC_NO_COMMON_BLOCKS = YES;
				GCC_WARN_64_TO_32_BIT_CONVERSION = YES;
				GCC_WARN_ABOUT_RETURN_TYPE = YES_ERROR;
				GCC_WARN_UNDECLARED_SELECTOR = YES;
				GCC_WARN_UNINITIALIZED_AUTOS = YES_AGGRESSIVE;
				GCC_WARN_UNUSED_FUNCTION = YES;
				GCC_WARN_UNUSED_VARIABLE = YES;
				IPHONEOS_DEPLOYMENT_TARGET = 15.4;
				MTL_ENABLE_DEBUG_INFO = NO;
				MTL_FAST_MATH = YES;
				SDKROOT = iphoneos;
				SWIFT_COMPILATION_MODE = wholemodule;
				SWIFT_OPTIMIZATION_LEVEL = "-O";
				VALIDATE_PRODUCT = YES;
			};
			name = Release;
		};
		3A2519D52B07D6D6000F062A /* Debug */ = {
			isa = XCBuildConfiguration;
			buildSettings = {
				ASSETCATALOG_COMPILER_APPICON_NAME = AppIcon;
				ASSETCATALOG_COMPILER_GLOBAL_ACCENT_COLOR_NAME = AccentColor;
				CODE_SIGN_STYLE = Automatic;
				CURRENT_PROJECT_VERSION = 1;
				DEVELOPMENT_TEAM = 8J73Q43L2S;
				GENERATE_INFOPLIST_FILE = YES;
				INFOPLIST_FILE = AwesomeScreen/Info.plist;
				INFOPLIST_KEY_UIApplicationSupportsIndirectInputEvents = YES;
				INFOPLIST_KEY_UILaunchStoryboardName = LaunchScreen;
				INFOPLIST_KEY_UISupportedInterfaceOrientations = UIInterfaceOrientationPortrait;
				INFOPLIST_KEY_UISupportedInterfaceOrientations_iPad = "UIInterfaceOrientationPortrait UIInterfaceOrientationPortraitUpsideDown UIInterfaceOrientationLandscapeLeft UIInterfaceOrientationLandscapeRight";
				INFOPLIST_KEY_UISupportedInterfaceOrientations_iPhone = "UIInterfaceOrientationPortrait UIInterfaceOrientationLandscapeLeft UIInterfaceOrientationLandscapeRight";
				IPHONEOS_DEPLOYMENT_TARGET = 14.0;
				LD_RUNPATH_SEARCH_PATHS = (
					"$(inherited)",
					"@executable_path/Frameworks",
				);
				MARKETING_VERSION = 1.0;
				PRODUCT_BUNDLE_IDENTIFIER = lt.1011.AwesomeScreen;
				PRODUCT_NAME = "$(TARGET_NAME)";
				SWIFT_EMIT_LOC_STRINGS = YES;
				SWIFT_VERSION = 5.0;
				TARGETED_DEVICE_FAMILY = 1;
			};
			name = Debug;
		};
		3A2519D62B07D6D6000F062A /* Release */ = {
			isa = XCBuildConfiguration;
			buildSettings = {
				ASSETCATALOG_COMPILER_APPICON_NAME = AppIcon;
				ASSETCATALOG_COMPILER_GLOBAL_ACCENT_COLOR_NAME = AccentColor;
				CODE_SIGN_STYLE = Automatic;
				CURRENT_PROJECT_VERSION = 1;
				DEVELOPMENT_TEAM = 8J73Q43L2S;
				GENERATE_INFOPLIST_FILE = YES;
				INFOPLIST_FILE = AwesomeScreen/Info.plist;
				INFOPLIST_KEY_UIApplicationSupportsIndirectInputEvents = YES;
				INFOPLIST_KEY_UILaunchStoryboardName = LaunchScreen;
				INFOPLIST_KEY_UISupportedInterfaceOrientations = UIInterfaceOrientationPortrait;
				INFOPLIST_KEY_UISupportedInterfaceOrientations_iPad = "UIInterfaceOrientationPortrait UIInterfaceOrientationPortraitUpsideDown UIInterfaceOrientationLandscapeLeft UIInterfaceOrientationLandscapeRight";
				INFOPLIST_KEY_UISupportedInterfaceOrientations_iPhone = "UIInterfaceOrientationPortrait UIInterfaceOrientationLandscapeLeft UIInterfaceOrientationLandscapeRight";
				IPHONEOS_DEPLOYMENT_TARGET = 14.0;
				LD_RUNPATH_SEARCH_PATHS = (
					"$(inherited)",
					"@executable_path/Frameworks",
				);
				MARKETING_VERSION = 1.0;
				PRODUCT_BUNDLE_IDENTIFIER = lt.1011.AwesomeScreen;
				PRODUCT_NAME = "$(TARGET_NAME)";
				SWIFT_EMIT_LOC_STRINGS = YES;
				SWIFT_VERSION = 5.0;
				TARGETED_DEVICE_FAMILY = 1;
			};
			name = Release;
		};
/* End XCBuildConfiguration section */

/* Begin XCConfigurationList section */
		3A2519BB2B07D6D3000F062A /* Build configuration list for PBXProject "AwesomeScreen" */ = {
			isa = XCConfigurationList;
			buildConfigurations = (
				3A2519D22B07D6D6000F062A /* Debug */,
				3A2519D32B07D6D6000F062A /* Release */,
			);
			defaultConfigurationIsVisible = 0;
			defaultConfigurationName = Release;
		};
		3A2519D42B07D6D6000F062A /* Build configuration list for PBXNativeTarget "AwesomeScreen" */ = {
			isa = XCConfigurationList;
			buildConfigurations = (
				3A2519D52B07D6D6000F062A /* Debug */,
				3A2519D62B07D6D6000F062A /* Release */,
			);
			defaultConfigurationIsVisible = 0;
			defaultConfigurationName = Release;
		};
/* End XCConfigurationList section */
	};
	rootObject = 3A2519B82B07D6D3000F062A /* Project object */;
}
